
Microsoft Visual Studio Solution File, Format Version 12.00
# Visual Studio Version 16
VisualStudioVersion = 16.0.29411.108
MinimumVisualStudioVersion = 10.0.40219.1
Project("{FAE04EC0-301F-11D3-BF4B-00C04F79EFBC}") = "LDKJ.Model", "LDKJ.Model\LDKJ.Model.csproj", "{53688F3A-F199-4C85-8528-C8777A674D32}"
EndProject
Project("{FAE04EC0-301F-11D3-BF4B-00C04F79EFBC}") = "LDKJ.DAL", "LDKJ.DAL\LDKJ.DAL.csproj", "{FE3378B4-033C-4FAB-91B6-483F4895B6D5}"
EndProject
Project("{FAE04EC0-301F-11D3-BF4B-00C04F79EFBC}") = "LDKJ.IDAL", "LDKJ.IDAL\LDKJ.IDAL.csproj", "{574398F4-CC86-492A-877D-9EC690E4B815}"
EndProject
Project("{FAE04EC0-301F-11D3-BF4B-00C04F79EFBC}") = "LDKJ.Dto", "LDKJ.Dto\LDKJ.Dto.csproj", "{9C8DD740-BA30-4D76-B3EC-37824DFBF5F0}"
EndProject
Project("{FAE04EC0-301F-11D3-BF4B-00C04F79EFBC}") = "LDKJ.IBLL", "LDKJ.IBLL\LDKJ.IBLL.csproj", "{7A625C35-F950-4689-A1BF-C09D38B2F78B}"
EndProject
Project("{FAE04EC0-301F-11D3-BF4B-00C04F79EFBC}") = "LDKJ.BLL", "LDKJ.BLL\LDKJ.BLL.csproj", "{02AA4AD9-AE3E-41D6-AF5F-8686D2FEF0EC}"
EndProject
Global
	GlobalSection(SolutionConfigurationPlatforms) = preSolution
		Debug|Any CPU = Debug|Any CPU
		Release|Any CPU = Release|Any CPU
	EndGlobalSection
	GlobalSection(ProjectConfigurationPlatforms) = postSolution
		{53688F3A-F199-4C85-8528-C8777A674D32}.Debug|Any CPU.ActiveCfg = Debug|Any CPU
		{53688F3A-F199-4C85-8528-C8777A674D32}.Debug|Any CPU.Build.0 = Debug|Any CPU
		{53688F3A-F199-4C85-8528-C8777A674D32}.Release|Any CPU.ActiveCfg = Release|Any CPU
		{53688F3A-F199-4C85-8528-C8777A674D32}.Release|Any CPU.Build.0 = Release|Any CPU
		{FE3378B4-033C-4FAB-91B6-483F4895B6D5}.Debug|Any CPU.ActiveCfg = Debug|Any CPU
		{FE3378B4-033C-4FAB-91B6-483F4895B6D5}.Debug|Any CPU.Build.0 = Debug|Any CPU
		{FE3378B4-033C-4FAB-91B6-483F4895B6D5}.Release|Any CPU.ActiveCfg = Release|Any CPU
		{FE3378B4-033C-4FAB-91B6-483F4895B6D5}.Release|Any CPU.Build.0 = Release|Any CPU
		{574398F4-CC86-492A-877D-9EC690E4B815}.Debug|Any CPU.ActiveCfg = Debug|Any CPU
		{574398F4-CC86-492A-877D-9EC690E4B815}.Debug|Any CPU.Build.0 = Debug|Any CPU
		{574398F4-CC86-492A-877D-9EC690E4B815}.Release|Any CPU.ActiveCfg = Release|Any CPU
		{574398F4-CC86-492A-877D-9EC690E4B815}.Release|Any CPU.Build.0 = Release|Any CPU
		{9C8DD740-BA30-4D76-B3EC-37824DFBF5F0}.Debug|Any CPU.ActiveCfg = Debug|Any CPU
		{9C8DD740-BA30-4D76-B3EC-37824DFBF5F0}.Debug|Any CPU.Build.0 = Debug|Any CPU
		{9C8DD740-BA30-4D76-B3EC-37824DFBF5F0}.Release|Any CPU.ActiveCfg = Release|Any CPU
		{9C8DD740-BA30-4D76-B3EC-37824DFBF5F0}.Release|Any CPU.Build.0 = Release|Any CPU
		{7A625C35-F950-4689-A1BF-C09D38B2F78B}.Debug|Any CPU.ActiveCfg = Debug|Any CPU
		{7A625C35-F950-4689-A1BF-C09D38B2F78B}.Debug|Any CPU.Build.0 = Debug|Any CPU
		{7A625C35-F950-4689-A1BF-C09D38B2F78B}.Release|Any CPU.ActiveCfg = Release|Any CPU
		{7A625C35-F950-4689-A1BF-C09D38B2F78B}.Release|Any CPU.Build.0 = Release|Any CPU
		{02AA4AD9-AE3E-41D6-AF5F-8686D2FEF0EC}.Debug|Any CPU.ActiveCfg = Debug|Any CPU
		{02AA4AD9-AE3E-41D6-AF5F-8686D2FEF0EC}.Debug|Any CPU.Build.0 = Debug|Any CPU
		{02AA4AD9-AE3E-41D6-AF5F-8686D2FEF0EC}.Release|Any CPU.ActiveCfg = Release|Any CPU
		{02AA4AD9-AE3E-41D6-AF5F-8686D2FEF0EC}.Release|Any CPU.Build.0 = Release|Any CPU
	EndGlobalSection
	GlobalSection(SolutionProperties) = preSolution
		HideSolutionNode = FALSE
	EndGlobalSection
	GlobalSection(ExtensibilityGlobals) = postSolution
		SolutionGuid = {3FF0BACB-667D-40BA-94E0-1D844D0BCD0A}
	EndGlobalSection
EndGlobal
